
Microsoft Visual Studio Solution File, Format Version 12.00
# Visual Studio Version 16
VisualStudioVersion = 16.0.30225.117
MinimumVisualStudioVersion = 10.0.40219.1
Project("{FAE04EC0-301F-11D3-BF4B-00C04F79EFBC}") = "HomeTask4", "HomeTask4\HomeTask4.csproj", "{5B41DDBF-6665-4615-ACF9-F89720282203}"
EndProject
Global
	GlobalSection(SolutionConfigurationPlatforms) = preSolution
		Debug|Any CPU = Debug|Any CPU
		Release|Any CPU = Release|Any CPU
	EndGlobalSection
	GlobalSection(ProjectConfigurationPlatforms) = postSolution
		{5B41DDBF-6665-4615-ACF9-F89720282203}.Debug|Any CPU.ActiveCfg = Debug|Any CPU
		{5B41DDBF-6665-4615-ACF9-F89720282203}.Debug|Any CPU.Build.0 = Debug|Any CPU
		{5B41DDBF-6665-4615-ACF9-F89720282203}.Release|Any CPU.ActiveCfg = Release|Any CPU
		{5B41DDBF-6665-4615-ACF9-F89720282203}.Release|Any CPU.Build.0 = Release|Any CPU
	EndGlobalSection
	GlobalSection(SolutionProperties) = preSolution
		HideSolutionNode = FALSE
	EndGlobalSection
	GlobalSection(ExtensibilityGlobals) = postSolution
		SolutionGuid = {A918D611-E8A1-453A-8597-B225CC2710CF}
	EndGlobalSection
EndGlobal
